// !$*UTF8*$!
{
	archiveVersion = 1;
	classes = {
	};
	objectVersion = 46;
	objects = {

/* Begin PBXBuildFile section */
		222A1B051867D7D200CE4236 /* Deck.m in Sources */ = {isa = PBXBuildFile; fileRef = 222A1B041867D7D200CE4236 /* Deck.m */; };
		222A1B081867DC8700CE4236 /* PlayingCard.m in Sources */ = {isa = PBXBuildFile; fileRef = 222A1B071867DC8700CE4236 /* PlayingCard.m */; };
		222A1B0B1867E41000CE4236 /* PlayingCardDeck.m in Sources */ = {isa = PBXBuildFile; fileRef = 222A1B0A1867E41000CE4236 /* PlayingCardDeck.m */; };
		22301F641869208C001967B3 /* CardMatchingGame.m in Sources */ = {isa = PBXBuildFile; fileRef = 22301F631869208C001967B3 /* CardMatchingGame.m */; };
		225F7F2218667D5E002CCF33 /* Foundation.framework in Frameworks */ = {isa = PBXBuildFile; fileRef = 225F7F2118667D5E002CCF33 /* Foundation.framework */; };
		225F7F2418667D5E002CCF33 /* CoreGraphics.framework in Frameworks */ = {isa = PBXBuildFile; fileRef = 225F7F2318667D5E002CCF33 /* CoreGraphics.framework */; };
		225F7F2618667D5E002CCF33 /* UIKit.framework in Frameworks */ = {isa = PBXBuildFile; fileRef = 225F7F2518667D5E002CCF33 /* UIKit.framework */; };
		225F7F2C18667D5E002CCF33 /* InfoPlist.strings in Resources */ = {isa = PBXBuildFile; fileRef = 225F7F2A18667D5E002CCF33 /* InfoPlist.strings */; };
		225F7F2E18667D5E002CCF33 /* main.m in Sources */ = {isa = PBXBuildFile; fileRef = 225F7F2D18667D5E002CCF33 /* main.m */; };
		225F7F3218667D5E002CCF33 /* CardGameAppDelegate.m in Sources */ = {isa = PBXBuildFile; fileRef = 225F7F3118667D5E002CCF33 /* CardGameAppDelegate.m */; };
		225F7F3518667D5E002CCF33 /* Main.storyboard in Resources */ = {isa = PBXBuildFile; fileRef = 225F7F3318667D5E002CCF33 /* Main.storyboard */; };
		225F7F3818667D5E002CCF33 /* CardGameViewController.m in Sources */ = {isa = PBXBuildFile; fileRef = 225F7F3718667D5E002CCF33 /* CardGameViewController.m */; };
		225F7F3A18667D5E002CCF33 /* Images.xcassets in Resources */ = {isa = PBXBuildFile; fileRef = 225F7F3918667D5E002CCF33 /* Images.xcassets */; };
		225F7F4118667D5E002CCF33 /* XCTest.framework in Frameworks */ = {isa = PBXBuildFile; fileRef = 225F7F4018667D5E002CCF33 /* XCTest.framework */; };
		225F7F4218667D5E002CCF33 /* Foundation.framework in Frameworks */ = {isa = PBXBuildFile; fileRef = 225F7F2118667D5E002CCF33 /* Foundation.framework */; };
		225F7F4318667D5E002CCF33 /* UIKit.framework in Frameworks */ = {isa = PBXBuildFile; fileRef = 225F7F2518667D5E002CCF33 /* UIKit.framework */; };
		225F7F4B18667D5E002CCF33 /* InfoPlist.strings in Resources */ = {isa = PBXBuildFile; fileRef = 225F7F4918667D5E002CCF33 /* InfoPlist.strings */; };
		225F7F4D18667D5E002CCF33 /* MatchismoTests.m in Sources */ = {isa = PBXBuildFile; fileRef = 225F7F4C18667D5E002CCF33 /* MatchismoTests.m */; };
		225F7F58186698DC002CCF33 /* Card.m in Sources */ = {isa = PBXBuildFile; fileRef = 225F7F57186698DC002CCF33 /* Card.m */; };
/* End PBXBuildFile section */

/* Begin PBXContainerItemProxy section */
		225F7F4418667D5E002CCF33 /* PBXContainerItemProxy */ = {
			isa = PBXContainerItemProxy;
			containerPortal = 225F7F1618667D5D002CCF33 /* Project object */;
			proxyType = 1;
			remoteGlobalIDString = 225F7F1D18667D5E002CCF33;
			remoteInfo = Matchismo;
		};
/* End PBXContainerItemProxy section */

/* Begin PBXFileReference section */
		222A1B031867D7D200CE4236 /* Deck.h */ = {isa = PBXFileReference; fileEncoding = 4; lastKnownFileType = sourcecode.c.h; name = Deck.h; path = Model/Deck.h; sourceTree = "<group>"; };
		222A1B041867D7D200CE4236 /* Deck.m */ = {isa = PBXFileReference; fileEncoding = 4; lastKnownFileType = sourcecode.c.objc; name = Deck.m; path = Model/Deck.m; sourceTree = "<group>"; };
		222A1B061867DC8700CE4236 /* PlayingCard.h */ = {isa = PBXFileReference; fileEncoding = 4; lastKnownFileType = sourcecode.c.h; name = PlayingCard.h; path = Model/PlayingCard.h; sourceTree = "<group>"; };
		222A1B071867DC8700CE4236 /* PlayingCard.m */ = {isa = PBXFileReference; fileEncoding = 4; lastKnownFileType = sourcecode.c.objc; name = PlayingCard.m; path = Model/PlayingCard.m; sourceTree = "<group>"; };
		222A1B091867E41000CE4236 /* PlayingCardDeck.h */ = {isa = PBXFileReference; fileEncoding = 4; lastKnownFileType = sourcecode.c.h; name = PlayingCardDeck.h; path = Model/PlayingCardDeck.h; sourceTree = "<group>"; };
		222A1B0A1867E41000CE4236 /* PlayingCardDeck.m */ = {isa = PBXFileReference; fileEncoding = 4; lastKnownFileType = sourcecode.c.objc; name = PlayingCardDeck.m; path = Model/PlayingCardDeck.m; sourceTree = "<group>"; };
		22301F621869208C001967B3 /* CardMatchingGame.h */ = {isa = PBXFileReference; fileEncoding = 4; lastKnownFileType = sourcecode.c.h; name = CardMatchingGame.h; path = Model/CardMatchingGame.h; sourceTree = "<group>"; };
		22301F631869208C001967B3 /* CardMatchingGame.m */ = {isa = PBXFileReference; fileEncoding = 4; lastKnownFileType = sourcecode.c.objc; name = CardMatchingGame.m; path = Model/CardMatchingGame.m; sourceTree = "<group>"; };
		225F7F1E18667D5E002CCF33 /* Matchismo.app */ = {isa = PBXFileReference; explicitFileType = wrapper.application; includeInIndex = 0; path = Matchismo.app; sourceTree = BUILT_PRODUCTS_DIR; };
		225F7F2118667D5E002CCF33 /* Foundation.framework */ = {isa = PBXFileReference; lastKnownFileType = wrapper.framework; name = Foundation.framework; path = System/Library/Frameworks/Foundation.framework; sourceTree = SDKROOT; };
		225F7F2318667D5E002CCF33 /* CoreGraphics.framework */ = {isa = PBXFileReference; lastKnownFileType = wrapper.framework; name = CoreGraphics.framework; path = System/Library/Frameworks/CoreGraphics.framework; sourceTree = SDKROOT; };
		225F7F2518667D5E002CCF33 /* UIKit.framework */ = {isa = PBXFileReference; lastKnownFileType = wrapper.framework; name = UIKit.framework; path = System/Library/Frameworks/UIKit.framework; sourceTree = SDKROOT; };
		225F7F2918667D5E002CCF33 /* Matchismo-Info.plist */ = {isa = PBXFileReference; lastKnownFileType = text.plist.xml; path = "Matchismo-Info.plist"; sourceTree = "<group>"; };
		225F7F2B18667D5E002CCF33 /* en */ = {isa = PBXFileReference; lastKnownFileType = text.plist.strings; name = en; path = en.lproj/InfoPlist.strings; sourceTree = "<group>"; };
		225F7F2D18667D5E002CCF33 /* main.m */ = {isa = PBXFileReference; lastKnownFileType = sourcecode.c.objc; path = main.m; sourceTree = "<group>"; };
		225F7F2F18667D5E002CCF33 /* Matchismo-Prefix.pch */ = {isa = PBXFileReference; lastKnownFileType = sourcecode.c.h; path = "Matchismo-Prefix.pch"; sourceTree = "<group>"; };
		225F7F3018667D5E002CCF33 /* CardGameAppDelegate.h */ = {isa = PBXFileReference; lastKnownFileType = sourcecode.c.h; path = CardGameAppDelegate.h; sourceTree = "<group>"; };
		225F7F3118667D5E002CCF33 /* CardGameAppDelegate.m */ = {isa = PBXFileReference; lastKnownFileType = sourcecode.c.objc; path = CardGameAppDelegate.m; sourceTree = "<group>"; };
		225F7F3418667D5E002CCF33 /* Base */ = {isa = PBXFileReference; lastKnownFileType = file.storyboard; name = Base; path = Base.lproj/Main.storyboard; sourceTree = "<group>"; };
		225F7F3618667D5E002CCF33 /* CardGameViewController.h */ = {isa = PBXFileReference; lastKnownFileType = sourcecode.c.h; path = CardGameViewController.h; sourceTree = "<group>"; };
		225F7F3718667D5E002CCF33 /* CardGameViewController.m */ = {isa = PBXFileReference; lastKnownFileType = sourcecode.c.objc; path = CardGameViewController.m; sourceTree = "<group>"; };
		225F7F3918667D5E002CCF33 /* Images.xcassets */ = {isa = PBXFileReference; lastKnownFileType = folder.assetcatalog; path = Images.xcassets; sourceTree = "<group>"; };
		225F7F3F18667D5E002CCF33 /* MatchismoTests.xctest */ = {isa = PBXFileReference; explicitFileType = wrapper.cfbundle; includeInIndex = 0; path = MatchismoTests.xctest; sourceTree = BUILT_PRODUCTS_DIR; };
		225F7F4018667D5E002CCF33 /* XCTest.framework */ = {isa = PBXFileReference; lastKnownFileType = wrapper.framework; name = XCTest.framework; path = Library/Frameworks/XCTest.framework; sourceTree = DEVELOPER_DIR; };
		225F7F4818667D5E002CCF33 /* MatchismoTests-Info.plist */ = {isa = PBXFileReference; lastKnownFileType = text.plist.xml; path = "MatchismoTests-Info.plist"; sourceTree = "<group>"; };
		225F7F4A18667D5E002CCF33 /* en */ = {isa = PBXFileReference; lastKnownFileType = text.plist.strings; name = en; path = en.lproj/InfoPlist.strings; sourceTree = "<group>"; };
		225F7F4C18667D5E002CCF33 /* MatchismoTests.m */ = {isa = PBXFileReference; lastKnownFileType = sourcecode.c.objc; path = MatchismoTests.m; sourceTree = "<group>"; };
		225F7F56186698DC002CCF33 /* Card.h */ = {isa = PBXFileReference; fileEncoding = 4; lastKnownFileType = sourcecode.c.h; name = Card.h; path = Model/Card.h; sourceTree = "<group>"; };
		225F7F57186698DC002CCF33 /* Card.m */ = {isa = PBXFileReference; fileEncoding = 4; lastKnownFileType = sourcecode.c.objc; name = Card.m; path = Model/Card.m; sourceTree = "<group>"; };
/* End PBXFileReference section */

/* Begin PBXFrameworksBuildPhase section */
		225F7F1B18667D5E002CCF33 /* Frameworks */ = {
			isa = PBXFrameworksBuildPhase;
			buildActionMask = 2147483647;
			files = (
				225F7F2418667D5E002CCF33 /* CoreGraphics.framework in Frameworks */,
				225F7F2618667D5E002CCF33 /* UIKit.framework in Frameworks */,
				225F7F2218667D5E002CCF33 /* Foundation.framework in Frameworks */,
			);
			runOnlyForDeploymentPostprocessing = 0;
		};
		225F7F3C18667D5E002CCF33 /* Frameworks */ = {
			isa = PBXFrameworksBuildPhase;
			buildActionMask = 2147483647;
			files = (
				225F7F4118667D5E002CCF33 /* XCTest.framework in Frameworks */,
				225F7F4318667D5E002CCF33 /* UIKit.framework in Frameworks */,
				225F7F4218667D5E002CCF33 /* Foundation.framework in Frameworks */,
			);
			runOnlyForDeploymentPostprocessing = 0;
		};
/* End PBXFrameworksBuildPhase section */

/* Begin PBXGroup section */
		225F7F1518667D5D002CCF33 = {
			isa = PBXGroup;
			children = (
				225F7F2718667D5E002CCF33 /* Matchismo */,
				225F7F4618667D5E002CCF33 /* MatchismoTests */,
				225F7F2018667D5E002CCF33 /* Frameworks */,
				225F7F1F18667D5E002CCF33 /* Products */,
			);
			sourceTree = "<group>";
		};
		225F7F1F18667D5E002CCF33 /* Products */ = {
			isa = PBXGroup;
			children = (
				225F7F1E18667D5E002CCF33 /* Matchismo.app */,
				225F7F3F18667D5E002CCF33 /* MatchismoTests.xctest */,
			);
			name = Products;
			sourceTree = "<group>";
		};
		225F7F2018667D5E002CCF33 /* Frameworks */ = {
			isa = PBXGroup;
			children = (
				225F7F2118667D5E002CCF33 /* Foundation.framework */,
				225F7F2318667D5E002CCF33 /* CoreGraphics.framework */,
				225F7F2518667D5E002CCF33 /* UIKit.framework */,
				225F7F4018667D5E002CCF33 /* XCTest.framework */,
			);
			name = Frameworks;
			sourceTree = "<group>";
		};
		225F7F2718667D5E002CCF33 /* Matchismo */ = {
			isa = PBXGroup;
			children = (
				225F7F3318667D5E002CCF33 /* Main.storyboard */,
				225F7F3618667D5E002CCF33 /* CardGameViewController.h */,
				225F7F3718667D5E002CCF33 /* CardGameViewController.m */,
				225F7F5918669948002CCF33 /* Model */,
				225F7F3918667D5E002CCF33 /* Images.xcassets */,
				225F7F2818667D5E002CCF33 /* Supporting Files */,
			);
			path = Matchismo;
			sourceTree = "<group>";
		};
		225F7F2818667D5E002CCF33 /* Supporting Files */ = {
			isa = PBXGroup;
			children = (
				225F7F3018667D5E002CCF33 /* CardGameAppDelegate.h */,
				225F7F3118667D5E002CCF33 /* CardGameAppDelegate.m */,
				225F7F2918667D5E002CCF33 /* Matchismo-Info.plist */,
				225F7F2A18667D5E002CCF33 /* InfoPlist.strings */,
				225F7F2D18667D5E002CCF33 /* main.m */,
				225F7F2F18667D5E002CCF33 /* Matchismo-Prefix.pch */,
			);
			name = "Supporting Files";
			sourceTree = "<group>";
		};
		225F7F4618667D5E002CCF33 /* MatchismoTests */ = {
			isa = PBXGroup;
			children = (
				225F7F4C18667D5E002CCF33 /* MatchismoTests.m */,
				225F7F4718667D5E002CCF33 /* Supporting Files */,
			);
			path = MatchismoTests;
			sourceTree = "<group>";
		};
		225F7F4718667D5E002CCF33 /* Supporting Files */ = {
			isa = PBXGroup;
			children = (
				225F7F4818667D5E002CCF33 /* MatchismoTests-Info.plist */,
				225F7F4918667D5E002CCF33 /* InfoPlist.strings */,
			);
			name = "Supporting Files";
			sourceTree = "<group>";
		};
		225F7F5918669948002CCF33 /* Model */ = {
			isa = PBXGroup;
			children = (
				22301F621869208C001967B3 /* CardMatchingGame.h */,
				22301F631869208C001967B3 /* CardMatchingGame.m */,
				225F7F56186698DC002CCF33 /* Card.h */,
				225F7F57186698DC002CCF33 /* Card.m */,
				222A1B031867D7D200CE4236 /* Deck.h */,
				222A1B041867D7D200CE4236 /* Deck.m */,
				222A1B061867DC8700CE4236 /* PlayingCard.h */,
				222A1B071867DC8700CE4236 /* PlayingCard.m */,
				222A1B091867E41000CE4236 /* PlayingCardDeck.h */,
				222A1B0A1867E41000CE4236 /* PlayingCardDeck.m */,
			);
			name = Model;
			sourceTree = "<group>";
		};
/* End PBXGroup section */

/* Begin PBXNativeTarget section */
		225F7F1D18667D5E002CCF33 /* Matchismo */ = {
			isa = PBXNativeTarget;
			buildConfigurationList = 225F7F5018667D5E002CCF33 /* Build configuration list for PBXNativeTarget "Matchismo" */;
			buildPhases = (
				225F7F1A18667D5E002CCF33 /* Sources */,
				225F7F1B18667D5E002CCF33 /* Frameworks */,
				225F7F1C18667D5E002CCF33 /* Resources */,
			);
			buildRules = (
			);
			dependencies = (
			);
			name = Matchismo;
			productName = Matchismo;
			productReference = 225F7F1E18667D5E002CCF33 /* Matchismo.app */;
			productType = "com.apple.product-type.application";
		};
		225F7F3E18667D5E002CCF33 /* MatchismoTests */ = {
			isa = PBXNativeTarget;
			buildConfigurationList = 225F7F5318667D5E002CCF33 /* Build configuration list for PBXNativeTarget "MatchismoTests" */;
			buildPhases = (
				225F7F3B18667D5E002CCF33 /* Sources */,
				225F7F3C18667D5E002CCF33 /* Frameworks */,
				225F7F3D18667D5E002CCF33 /* Resources */,
			);
			buildRules = (
			);
			dependencies = (
				225F7F4518667D5E002CCF33 /* PBXTargetDependency */,
			);
			name = MatchismoTests;
			productName = MatchismoTests;
			productReference = 225F7F3F18667D5E002CCF33 /* MatchismoTests.xctest */;
			productType = "com.apple.product-type.bundle.unit-test";
		};
/* End PBXNativeTarget section */

/* Begin PBXProject section */
		225F7F1618667D5D002CCF33 /* Project object */ = {
			isa = PBXProject;
			attributes = {
				CLASSPREFIX = CardGame;
				LastUpgradeCheck = 0500;
				ORGANIZATIONNAME = "Eternal Enigma";
				TargetAttributes = {
					225F7F3E18667D5E002CCF33 = {
						TestTargetID = 225F7F1D18667D5E002CCF33;
					};
				};
			};
			buildConfigurationList = 225F7F1918667D5D002CCF33 /* Build configuration list for PBXProject "Matchismo" */;
			compatibilityVersion = "Xcode 3.2";
			developmentRegion = English;
			hasScannedForEncodings = 0;
			knownRegions = (
				en,
				Base,
			);
			mainGroup = 225F7F1518667D5D002CCF33;
			productRefGroup = 225F7F1F18667D5E002CCF33 /* Products */;
			projectDirPath = "";
			projectRoot = "";
			targets = (
				225F7F1D18667D5E002CCF33 /* Matchismo */,
				225F7F3E18667D5E002CCF33 /* MatchismoTests */,
			);
		};
/* End PBXProject section */

/* Begin PBXResourcesBuildPhase section */
		225F7F1C18667D5E002CCF33 /* Resources */ = {
			isa = PBXResourcesBuildPhase;
			buildActionMask = 2147483647;
			files = (
				225F7F3A18667D5E002CCF33 /* Images.xcassets in Resources */,
				225F7F2C18667D5E002CCF33 /* InfoPlist.strings in Resources */,
				225F7F3518667D5E002CCF33 /* Main.storyboard in Resources */,
			);
			runOnlyForDeploymentPostprocessing = 0;
		};
		225F7F3D18667D5E002CCF33 /* Resources */ = {
			isa = PBXResourcesBuildPhase;
			buildActionMask = 2147483647;
			files = (
				225F7F4B18667D5E002CCF33 /* InfoPlist.strings in Resources */,
			);
			runOnlyForDeploymentPostprocessing = 0;
		};
/* End PBXResourcesBuildPhase section */

/* Begin PBXSourcesBuildPhase section */
		225F7F1A18667D5E002CCF33 /* Sources */ = {
			isa = PBXSourcesBuildPhase;
			buildActionMask = 2147483647;
			files = (
				222A1B081867DC8700CE4236 /* PlayingCard.m in Sources */,
				222A1B051867D7D200CE4236 /* Deck.m in Sources */,
				225F7F3218667D5E002CCF33 /* CardGameAppDelegate.m in Sources */,
				225F7F3818667D5E002CCF33 /* CardGameViewController.m in Sources */,
				22301F641869208C001967B3 /* CardMatchingGame.m in Sources */,
				222A1B0B1867E41000CE4236 /* PlayingCardDeck.m in Sources */,
				225F7F2E18667D5E002CCF33 /* main.m in Sources */,
				225F7F58186698DC002CCF33 /* Card.m in Sources */,
			);
			runOnlyForDeploymentPostprocessing = 0;
		};
		225F7F3B18667D5E002CCF33 /* Sources */ = {
			isa = PBXSourcesBuildPhase;
			buildActionMask = 2147483647;
			files = (
				225F7F4D18667D5E002CCF33 /* MatchismoTests.m in Sources */,
			);
			runOnlyForDeploymentPostprocessing = 0;
		};
/* End PBXSourcesBuildPhase section */

/* Begin PBXTargetDependency section */
		225F7F4518667D5E002CCF33 /* PBXTargetDependency */ = {
			isa = PBXTargetDependency;
			target = 225F7F1D18667D5E002CCF33 /* Matchismo */;
			targetProxy = 225F7F4418667D5E002CCF33 /* PBXContainerItemProxy */;
		};
/* End PBXTargetDependency section */

/* Begin PBXVariantGroup section */
		225F7F2A18667D5E002CCF33 /* InfoPlist.strings */ = {
			isa = PBXVariantGroup;
			children = (
				225F7F2B18667D5E002CCF33 /* en */,
			);
			name = InfoPlist.strings;
			sourceTree = "<group>";
		};
		225F7F3318667D5E002CCF33 /* Main.storyboard */ = {
			isa = PBXVariantGroup;
			children = (
				225F7F3418667D5E002CCF33 /* Base */,
			);
			name = Main.storyboard;
			sourceTree = "<group>";
		};
		225F7F4918667D5E002CCF33 /* InfoPlist.strings */ = {
			isa = PBXVariantGroup;
			children = (
				225F7F4A18667D5E002CCF33 /* en */,
			);
			name = InfoPlist.strings;
			sourceTree = "<group>";
		};
/* End PBXVariantGroup section */

/* Begin XCBuildConfiguration section */
		225F7F4E18667D5E002CCF33 /* Debug */ = {
			isa = XCBuildConfiguration;
			buildSettings = {
				ALWAYS_SEARCH_USER_PATHS = NO;
				ARCHS = "$(ARCHS_STANDARD_INCLUDING_64_BIT)";
				CLANG_CXX_LANGUAGE_STANDARD = "gnu++0x";
				CLANG_CXX_LIBRARY = "libc++";
				CLANG_ENABLE_MODULES = YES;
				CLANG_ENABLE_OBJC_ARC = YES;
				CLANG_WARN_BOOL_CONVERSION = YES;
				CLANG_WARN_CONSTANT_CONVERSION = YES;
				CLANG_WARN_DIRECT_OBJC_ISA_USAGE = YES_ERROR;
				CLANG_WARN_EMPTY_BODY = YES;
				CLANG_WARN_ENUM_CONVERSION = YES;
				CLANG_WARN_INT_CONVERSION = YES;
				CLANG_WARN_OBJC_ROOT_CLASS = YES_ERROR;
				CLANG_WARN__DUPLICATE_METHOD_MATCH = YES;
				"CODE_SIGN_IDENTITY[sdk=iphoneos*]" = "iPhone Developer";
				COPY_PHASE_STRIP = NO;
				GCC_C_LANGUAGE_STANDARD = gnu99;
				GCC_DYNAMIC_NO_PIC = NO;
				GCC_OPTIMIZATION_LEVEL = 0;
				GCC_PREPROCESSOR_DEFINITIONS = (
					"DEBUG=1",
					"$(inherited)",
				);
				GCC_SYMBOLS_PRIVATE_EXTERN = NO;
				GCC_WARN_64_TO_32_BIT_CONVERSION = YES;
				GCC_WARN_ABOUT_RETURN_TYPE = YES_ERROR;
				GCC_WARN_UNDECLARED_SELECTOR = YES;
				GCC_WARN_UNINITIALIZED_AUTOS = YES;
				GCC_WARN_UNUSED_FUNCTION = YES;
				GCC_WARN_UNUSED_VARIABLE = YES;
				IPHONEOS_DEPLOYMENT_TARGET = 7.0;
				ONLY_ACTIVE_ARCH = YES;
				SDKROOT = iphoneos;
			};
			name = Debug;
		};
		225F7F4F18667D5E002CCF33 /* Release */ = {
			isa = XCBuildConfiguration;
			buildSettings = {
				ALWAYS_SEARCH_USER_PATHS = NO;
				ARCHS = "$(ARCHS_STANDARD_INCLUDING_64_BIT)";
				CLANG_CXX_LANGUAGE_STANDARD = "gnu++0x";
				CLANG_CXX_LIBRARY = "libc++";
				CLANG_ENABLE_MODULES = YES;
				CLANG_ENABLE_OBJC_ARC = YES;
				CLANG_WARN_BOOL_CONVERSION = YES;
				CLANG_WARN_CONSTANT_CONVERSION = YES;
				CLANG_WARN_DIRECT_OBJC_ISA_USAGE = YES_ERROR;
				CLANG_WARN_EMPTY_BODY = YES;
				CLANG_WARN_ENUM_CONVERSION = YES;
				CLANG_WARN_INT_CONVERSION = YES;
				CLANG_WARN_OBJC_ROOT_CLASS = YES_ERROR;
				CLANG_WARN__DUPLICATE_METHOD_MATCH = YES;
				"CODE_SIGN_IDENTITY[sdk=iphoneos*]" = "iPhone Developer";
				COPY_PHASE_STRIP = YES;
				ENABLE_NS_ASSERTIONS = NO;
				GCC_C_LANGUAGE_STANDARD = gnu99;
				GCC_WARN_64_TO_32_BIT_CONVERSION = YES;
				GCC_WARN_ABOUT_RETURN_TYPE = YES_ERROR;
				GCC_WARN_UNDECLARED_SELECTOR = YES;
				GCC_WARN_UNINITIALIZED_AUTOS = YES;
				GCC_WARN_UNUSED_FUNCTION = YES;
				GCC_WARN_UNUSED_VARIABLE = YES;
				IPHONEOS_DEPLOYMENT_TARGET = 7.0;
				SDKROOT = iphoneos;
				VALIDATE_PRODUCT = YES;
			};
			name = Release;
		};
		225F7F5118667D5E002CCF33 /* Debug */ = {
			isa = XCBuildConfiguration;
			buildSettings = {
				ASSETCATALOG_COMPILER_APPICON_NAME = AppIcon;
				ASSETCATALOG_COMPILER_LAUNCHIMAGE_NAME = LaunchImage;
				GCC_PRECOMPILE_PREFIX_HEADER = YES;
				GCC_PREFIX_HEADER = "Matchismo/Matchismo-Prefix.pch";
				INFOPLIST_FILE = "Matchismo/Matchismo-Info.plist";
				PRODUCT_NAME = "$(TARGET_NAME)";
				WRAPPER_EXTENSION = app;
			};
			name = Debug;
		};
		225F7F5218667D5E002CCF33 /* Release */ = {
			isa = XCBuildConfiguration;
			buildSettings = {
				ASSETCATALOG_COMPILER_APPICON_NAME = AppIcon;
				ASSETCATALOG_COMPILER_LAUNCHIMAGE_NAME = LaunchImage;
				GCC_PRECOMPILE_PREFIX_HEADER = YES;
				GCC_PREFIX_HEADER = "Matchismo/Matchismo-Prefix.pch";
				INFOPLIST_FILE = "Matchismo/Matchismo-Info.plist";
				PRODUCT_NAME = "$(TARGET_NAME)";
				WRAPPER_EXTENSION = app;
			};
			name = Release;
		};
		225F7F5418667D5E002CCF33 /* Debug */ = {
			isa = XCBuildConfiguration;
			buildSettings = {
				ARCHS = "$(ARCHS_STANDARD_INCLUDING_64_BIT)";
				BUNDLE_LOADER = "$(BUILT_PRODUCTS_DIR)/Matchismo.app/Matchismo";
				FRAMEWORK_SEARCH_PATHS = (
					"$(SDKROOT)/Developer/Library/Frameworks",
					"$(inherited)",
					"$(DEVELOPER_FRAMEWORKS_DIR)",
				);
				GCC_PRECOMPILE_PREFIX_HEADER = YES;
				GCC_PREFIX_HEADER = "Matchismo/Matchismo-Prefix.pch";
				GCC_PREPROCESSOR_DEFINITIONS = (
					"DEBUG=1",
					"$(inherited)",
				);
				INFOPLIST_FILE = "MatchismoTests/MatchismoTests-Info.plist";
				PRODUCT_NAME = "$(TARGET_NAME)";
				TEST_HOST = "$(BUNDLE_LOADER)";
				WRAPPER_EXTENSION = xctest;
			};
			name = Debug;
		};
		225F7F5518667D5E002CCF33 /* Release */ = {
			isa = XCBuildConfiguration;
			buildSettings = {
				ARCHS = "$(ARCHS_STANDARD_INCLUDING_64_BIT)";
				BUNDLE_LOADER = "$(BUILT_PRODUCTS_DIR)/Matchismo.app/Matchismo";
				FRAMEWORK_SEARCH_PATHS = (
					"$(SDKROOT)/Developer/Library/Frameworks",
					"$(inherited)",
					"$(DEVELOPER_FRAMEWORKS_DIR)",
				);
				GCC_PRECOMPILE_PREFIX_HEADER = YES;
				GCC_PREFIX_HEADER = "Matchismo/Matchismo-Prefix.pch";
				INFOPLIST_FILE = "MatchismoTests/MatchismoTests-Info.plist";
				PRODUCT_NAME = "$(TARGET_NAME)";
				TEST_HOST = "$(BUNDLE_LOADER)";
				WRAPPER_EXTENSION = xctest;
			};
			name = Release;
		};
/* End XCBuildConfiguration section */

/* Begin XCConfigurationList section */
		225F7F1918667D5D002CCF33 /* Build configuration list for PBXProject "Matchismo" */ = {
			isa = XCConfigurationList;
			buildConfigurations = (
				225F7F4E18667D5E002CCF33 /* Debug */,
				225F7F4F18667D5E002CCF33 /* Release */,
			);
			defaultConfigurationIsVisible = 0;
			defaultConfigurationName = Release;
		};
		225F7F5018667D5E002CCF33 /* Build configuration list for PBXNativeTarget "Matchismo" */ = {
			isa = XCConfigurationList;
			buildConfigurations = (
				225F7F5118667D5E002CCF33 /* Debug */,
				225F7F5218667D5E002CCF33 /* Release */,
			);
			defaultConfigurationIsVisible = 0;
			defaultConfigurationName = Release;
		};
		225F7F5318667D5E002CCF33 /* Build configuration list for PBXNativeTarget "MatchismoTests" */ = {
			isa = XCConfigurationList;
			buildConfigurations = (
				225F7F5418667D5E002CCF33 /* Debug */,
				225F7F5518667D5E002CCF33 /* Release */,
			);
			defaultConfigurationIsVisible = 0;
			defaultConfigurationName = Release;
		};
/* End XCConfigurationList section */
	};
	rootObject = 225F7F1618667D5D002CCF33 /* Project object */;
}
